
Microsoft Visual Studio Solution File, Format Version 12.00
# Visual Studio Version 16
VisualStudioVersion = 16.0.31702.278
MinimumVisualStudioVersion = 10.0.40219.1
Project("{FAE04EC0-301F-11D3-BF4B-00C04F79EFBC}") = "WpfApp1", "WpfApp1.csproj", "{811FF251-F0C4-4381-A5E4-E7E3B9C77C5C}"
EndProject
Global
	GlobalSection(SolutionConfigurationPlatforms) = preSolution
		Debug|Any CPU = Debug|Any CPU
		Release|Any CPU = Release|Any CPU
	EndGlobalSection
	GlobalSection(ProjectConfigurationPlatforms) = postSolution
		{811FF251-F0C4-4381-A5E4-E7E3B9C77C5C}.Debug|Any CPU.ActiveCfg = Debug|Any CPU
		{811FF251-F0C4-4381-A5E4-E7E3B9C77C5C}.Debug|Any CPU.Build.0 = Debug|Any CPU
		{811FF251-F0C4-4381-A5E4-E7E3B9C77C5C}.Release|Any CPU.ActiveCfg = Release|Any CPU
		{811FF251-F0C4-4381-A5E4-E7E3B9C77C5C}.Release|Any CPU.Build.0 = Release|Any CPU
	EndGlobalSection
	GlobalSection(SolutionProperties) = preSolution
		HideSolutionNode = FALSE
	EndGlobalSection
	GlobalSection(ExtensibilityGlobals) = postSolution
		SolutionGuid = {24E7F549-5A2E-40DD-B87C-744A5CAAAFD0}
	EndGlobalSection
EndGlobal
